// !$*UTF8*$!
{
	archiveVersion = 1;
	classes = {
	};
	objectVersion = 48;
	objects = {

/* Begin PBXBuildFile section */
		3E528E782190A59A00916EE7 /* AppDelegate.m in Sources */ = {isa = PBXBuildFile; fileRef = 3E528E772190A59A00916EE7 /* AppDelegate.m */; };
		3E528E7E2190A59A00916EE7 /* Main.storyboard in Resources */ = {isa = PBXBuildFile; fileRef = 3E528E7C2190A59A00916EE7 /* Main.storyboard */; };
		3E528E802190A59A00916EE7 /* Assets.xcassets in Resources */ = {isa = PBXBuildFile; fileRef = 3E528E7F2190A59A00916EE7 /* Assets.xcassets */; };
		3E528E832190A59A00916EE7 /* LaunchScreen.storyboard in Resources */ = {isa = PBXBuildFile; fileRef = 3E528E812190A59A00916EE7 /* LaunchScreen.storyboard */; };
		3E528E862190A59A00916EE7 /* main.m in Sources */ = {isa = PBXBuildFile; fileRef = 3E528E852190A59A00916EE7 /* main.m */; };
		3EB871AD21949997004BDFE3 /* QXTwoViewController.m in Sources */ = {isa = PBXBuildFile; fileRef = 3EB871AC21949997004BDFE3 /* QXTwoViewController.m */; };
		3EB871BA2199EC0F004BDFE3 /* NGNavigationBar.m in Sources */ = {isa = PBXBuildFile; fileRef = 3EB871B92199EC0F004BDFE3 /* NGNavigationBar.m */; };
		3EB871BE219DD845004BDFE3 /* NGTabBarController.m in Sources */ = {isa = PBXBuildFile; fileRef = 3EB871BD219DD845004BDFE3 /* NGTabBarController.m */; };
		3EB871C1219DD9EB004BDFE3 /* UIImage+image.m in Sources */ = {isa = PBXBuildFile; fileRef = 3EB871C0219DD9EB004BDFE3 /* UIImage+image.m */; };
		3EB871C8219DDCFB004BDFE3 /* NGSearchController.m in Sources */ = {isa = PBXBuildFile; fileRef = 3EB871C7219DDCFB004BDFE3 /* NGSearchController.m */; };
		3EB871CB219DDD0C004BDFE3 /* NGMyController.m in Sources */ = {isa = PBXBuildFile; fileRef = 3EB871CA219DDD0C004BDFE3 /* NGMyController.m */; };
		3EB871CE219DDD34004BDFE3 /* NGHomeController.m in Sources */ = {isa = PBXBuildFile; fileRef = 3EB871CD219DDD34004BDFE3 /* NGHomeController.m */; };
		3EB871D3219DE755004BDFE3 /* NGHomeListSC.m in Sources */ = {isa = PBXBuildFile; fileRef = 3EB871D2219DE755004BDFE3 /* NGHomeListSC.m */; };
		3F2846644FB66E6220D068DC /* libPods-qianxunng.a in Frameworks */ = {isa = PBXBuildFile; fileRef = 2224DFF5D7941349AACCCBBF /* libPods-qianxunng.a */; };
		7B9EE6DA2199833C00C22EB1 /* NGNavigationController.m in Sources */ = {isa = PBXBuildFile; fileRef = 7B9EE6D92199833C00C22EB1 /* NGNavigationController.m */; };
		7B9EE6DD2199837800C22EB1 /* NGBaseController.m in Sources */ = {isa = PBXBuildFile; fileRef = 7B9EE6DC2199837800C22EB1 /* NGBaseController.m */; };
		7BCC303C219D51AD0041E918 /* UIView+Extension.m in Sources */ = {isa = PBXBuildFile; fileRef = 7BCC303B219D51AD0041E918 /* UIView+Extension.m */; };
/* End PBXBuildFile section */

/* Begin PBXFileReference section */
		2224DFF5D7941349AACCCBBF /* libPods-qianxunng.a */ = {isa = PBXFileReference; explicitFileType = archive.ar; includeInIndex = 0; path = "libPods-qianxunng.a"; sourceTree = BUILT_PRODUCTS_DIR; };
		3E528E732190A59A00916EE7 /* qianxunng.app */ = {isa = PBXFileReference; explicitFileType = wrapper.application; includeInIndex = 0; path = qianxunng.app; sourceTree = BUILT_PRODUCTS_DIR; };
		3E528E762190A59A00916EE7 /* AppDelegate.h */ = {isa = PBXFileReference; lastKnownFileType = sourcecode.c.h; path = AppDelegate.h; sourceTree = "<group>"; };
		3E528E772190A59A00916EE7 /* AppDelegate.m */ = {isa = PBXFileReference; lastKnownFileType = sourcecode.c.objc; path = AppDelegate.m; sourceTree = "<group>"; };
		3E528E7D2190A59A00916EE7 /* Base */ = {isa = PBXFileReference; lastKnownFileType = file.storyboard; name = Base; path = Base.lproj/Main.storyboard; sourceTree = "<group>"; };
		3E528E7F2190A59A00916EE7 /* Assets.xcassets */ = {isa = PBXFileReference; lastKnownFileType = folder.assetcatalog; path = Assets.xcassets; sourceTree = "<group>"; };
		3E528E822190A59A00916EE7 /* Base */ = {isa = PBXFileReference; lastKnownFileType = file.storyboard; name = Base; path = Base.lproj/LaunchScreen.storyboard; sourceTree = "<group>"; };
		3E528E842190A59A00916EE7 /* Info.plist */ = {isa = PBXFileReference; lastKnownFileType = text.plist.xml; path = Info.plist; sourceTree = "<group>"; };
		3E528E852190A59A00916EE7 /* main.m */ = {isa = PBXFileReference; lastKnownFileType = sourcecode.c.objc; path = main.m; sourceTree = "<group>"; };
		3EB871AB21949997004BDFE3 /* QXTwoViewController.h */ = {isa = PBXFileReference; lastKnownFileType = sourcecode.c.h; path = QXTwoViewController.h; sourceTree = "<group>"; };
		3EB871AC21949997004BDFE3 /* QXTwoViewController.m */ = {isa = PBXFileReference; lastKnownFileType = sourcecode.c.objc; path = QXTwoViewController.m; sourceTree = "<group>"; };
		3EB871B82199EC0F004BDFE3 /* NGNavigationBar.h */ = {isa = PBXFileReference; lastKnownFileType = sourcecode.c.h; path = NGNavigationBar.h; sourceTree = "<group>"; };
		3EB871B92199EC0F004BDFE3 /* NGNavigationBar.m */ = {isa = PBXFileReference; lastKnownFileType = sourcecode.c.objc; path = NGNavigationBar.m; sourceTree = "<group>"; };
		3EB871BC219DD845004BDFE3 /* NGTabBarController.h */ = {isa = PBXFileReference; lastKnownFileType = sourcecode.c.h; path = NGTabBarController.h; sourceTree = "<group>"; };
		3EB871BD219DD845004BDFE3 /* NGTabBarController.m */ = {isa = PBXFileReference; lastKnownFileType = sourcecode.c.objc; path = NGTabBarController.m; sourceTree = "<group>"; };
		3EB871BF219DD9EB004BDFE3 /* UIImage+image.h */ = {isa = PBXFileReference; lastKnownFileType = sourcecode.c.h; path = "UIImage+image.h"; sourceTree = "<group>"; };
		3EB871C0219DD9EB004BDFE3 /* UIImage+image.m */ = {isa = PBXFileReference; lastKnownFileType = sourcecode.c.objc; path = "UIImage+image.m"; sourceTree = "<group>"; };
		3EB871C6219DDCFB004BDFE3 /* NGSearchController.h */ = {isa = PBXFileReference; lastKnownFileType = sourcecode.c.h; path = NGSearchController.h; sourceTree = "<group>"; };
		3EB871C7219DDCFB004BDFE3 /* NGSearchController.m */ = {isa = PBXFileReference; lastKnownFileType = sourcecode.c.objc; path = NGSearchController.m; sourceTree = "<group>"; };
		3EB871C9219DDD0C004BDFE3 /* NGMyController.h */ = {isa = PBXFileReference; lastKnownFileType = sourcecode.c.h; path = NGMyController.h; sourceTree = "<group>"; };
		3EB871CA219DDD0C004BDFE3 /* NGMyController.m */ = {isa = PBXFileReference; lastKnownFileType = sourcecode.c.objc; path = NGMyController.m; sourceTree = "<group>"; };
		3EB871CC219DDD34004BDFE3 /* NGHomeController.h */ = {isa = PBXFileReference; lastKnownFileType = sourcecode.c.h; path = NGHomeController.h; sourceTree = "<group>"; };
		3EB871CD219DDD34004BDFE3 /* NGHomeController.m */ = {isa = PBXFileReference; lastKnownFileType = sourcecode.c.objc; path = NGHomeController.m; sourceTree = "<group>"; };
		3EB871D1219DE755004BDFE3 /* NGHomeListSC.h */ = {isa = PBXFileReference; lastKnownFileType = sourcecode.c.h; path = NGHomeListSC.h; sourceTree = "<group>"; };
		3EB871D2219DE755004BDFE3 /* NGHomeListSC.m */ = {isa = PBXFileReference; lastKnownFileType = sourcecode.c.objc; path = NGHomeListSC.m; sourceTree = "<group>"; };
		3EB871D4219DE9FC004BDFE3 /* NGMacro.h */ = {isa = PBXFileReference; lastKnownFileType = sourcecode.c.h; path = NGMacro.h; sourceTree = "<group>"; };
		7B9EE6D82199833C00C22EB1 /* NGNavigationController.h */ = {isa = PBXFileReference; lastKnownFileType = sourcecode.c.h; path = NGNavigationController.h; sourceTree = "<group>"; };
		7B9EE6D92199833C00C22EB1 /* NGNavigationController.m */ = {isa = PBXFileReference; lastKnownFileType = sourcecode.c.objc; path = NGNavigationController.m; sourceTree = "<group>"; };
		7B9EE6DB2199837800C22EB1 /* NGBaseController.h */ = {isa = PBXFileReference; lastKnownFileType = sourcecode.c.h; path = NGBaseController.h; sourceTree = "<group>"; };
		7B9EE6DC2199837800C22EB1 /* NGBaseController.m */ = {isa = PBXFileReference; lastKnownFileType = sourcecode.c.objc; path = NGBaseController.m; sourceTree = "<group>"; };
		7BCC303A219D51AD0041E918 /* UIView+Extension.h */ = {isa = PBXFileReference; lastKnownFileType = sourcecode.c.h; path = "UIView+Extension.h"; sourceTree = "<group>"; };
		7BCC303B219D51AD0041E918 /* UIView+Extension.m */ = {isa = PBXFileReference; lastKnownFileType = sourcecode.c.objc; path = "UIView+Extension.m"; sourceTree = "<group>"; };
		7BCC303D219D64F40041E918 /* PrefixHeader.pch */ = {isa = PBXFileReference; lastKnownFileType = sourcecode.c.h; path = PrefixHeader.pch; sourceTree = "<group>"; };
		B124F48898189F82A31BD20D /* Pods-qianxunng.debug.xcconfig */ = {isa = PBXFileReference; includeInIndex = 1; lastKnownFileType = text.xcconfig; name = "Pods-qianxunng.debug.xcconfig"; path = "Pods/Target Support Files/Pods-qianxunng/Pods-qianxunng.debug.xcconfig"; sourceTree = "<group>"; };
		CCDD84313BF1F3412A74E191 /* Pods-qianxunng.release.xcconfig */ = {isa = PBXFileReference; includeInIndex = 1; lastKnownFileType = text.xcconfig; name = "Pods-qianxunng.release.xcconfig"; path = "Pods/Target Support Files/Pods-qianxunng/Pods-qianxunng.release.xcconfig"; sourceTree = "<group>"; };
/* End PBXFileReference section */

/* Begin PBXFrameworksBuildPhase section */
		3E528E702190A59900916EE7 /* Frameworks */ = {
			isa = PBXFrameworksBuildPhase;
			buildActionMask = 2147483647;
			files = (
				3F2846644FB66E6220D068DC /* libPods-qianxunng.a in Frameworks */,
			);
			runOnlyForDeploymentPostprocessing = 0;
		};
/* End PBXFrameworksBuildPhase section */

/* Begin PBXGroup section */
		24ED345CC45D26D96E4D4503 /* Frameworks */ = {
			isa = PBXGroup;
			children = (
				2224DFF5D7941349AACCCBBF /* libPods-qianxunng.a */,
			);
			name = Frameworks;
			sourceTree = "<group>";
		};
		28B46B99C0E008A011AB85B3 /* Pods */ = {
			isa = PBXGroup;
			children = (
				B124F48898189F82A31BD20D /* Pods-qianxunng.debug.xcconfig */,
				CCDD84313BF1F3412A74E191 /* Pods-qianxunng.release.xcconfig */,
			);
			name = Pods;
			sourceTree = "<group>";
		};
		3E528E6A2190A59900916EE7 = {
			isa = PBXGroup;
			children = (
				3E528E752190A59A00916EE7 /* qianxunng */,
				3E528E742190A59A00916EE7 /* Products */,
				28B46B99C0E008A011AB85B3 /* Pods */,
				24ED345CC45D26D96E4D4503 /* Frameworks */,
			);
			sourceTree = "<group>";
		};
		3E528E742190A59A00916EE7 /* Products */ = {
			isa = PBXGroup;
			children = (
				3E528E732190A59A00916EE7 /* qianxunng.app */,
			);
			name = Products;
			sourceTree = "<group>";
		};
		3E528E752190A59A00916EE7 /* qianxunng */ = {
			isa = PBXGroup;
			children = (
				7BCC3039219D50A30041E918 /* Category */,
				7BCC3038219D50880041E918 /* AppDelegate */,
				3EB871AE21949CD1004BDFE3 /* BaseController */,
				3EB871C2219DDBD2004BDFE3 /* Business */,
				3E528E7C2190A59A00916EE7 /* Main.storyboard */,
				3E528E7F2190A59A00916EE7 /* Assets.xcassets */,
				3E528E812190A59A00916EE7 /* LaunchScreen.storyboard */,
				3E528E842190A59A00916EE7 /* Info.plist */,
				3E528E852190A59A00916EE7 /* main.m */,
				7BCC303D219D64F40041E918 /* PrefixHeader.pch */,
				3EB871D4219DE9FC004BDFE3 /* NGMacro.h */,
			);
			path = qianxunng;
			sourceTree = "<group>";
		};
		3EB871AE21949CD1004BDFE3 /* BaseController */ = {
			isa = PBXGroup;
			children = (
				3EB871BB219DD7F3004BDFE3 /* TabBar */,
				7B9EE6D72199830D00C22EB1 /* Navigation */,
				7B9EE6DB2199837800C22EB1 /* NGBaseController.h */,
				7B9EE6DC2199837800C22EB1 /* NGBaseController.m */,
			);
			path = BaseController;
			sourceTree = "<group>";
		};
		3EB871BB219DD7F3004BDFE3 /* TabBar */ = {
			isa = PBXGroup;
			children = (
				3EB871BC219DD845004BDFE3 /* NGTabBarController.h */,
				3EB871BD219DD845004BDFE3 /* NGTabBarController.m */,
			);
			path = TabBar;
			sourceTree = "<group>";
		};
		3EB871C2219DDBD2004BDFE3 /* Business */ = {
			isa = PBXGroup;
			children = (
				3EB871C3219DDC6C004BDFE3 /* Home */,
				3EB871C4219DDC80004BDFE3 /* Search */,
				3EB871C5219DDC8A004BDFE3 /* My */,
			);
			path = Business;
			sourceTree = "<group>";
		};
		3EB871C3219DDC6C004BDFE3 /* Home */ = {
			isa = PBXGroup;
			children = (
				3EB871D0219DE6CC004BDFE3 /* SectionController */,
				3EB871CF219DE6B9004BDFE3 /* ViewController */,
			);
			path = Home;
			sourceTree = "<group>";
		};
		3EB871C4219DDC80004BDFE3 /* Search */ = {
			isa = PBXGroup;
			children = (
				3EB871C6219DDCFB004BDFE3 /* NGSearchController.h */,
				3EB871C7219DDCFB004BDFE3 /* NGSearchController.m */,
			);
			path = Search;
			sourceTree = "<group>";
		};
		3EB871C5219DDC8A004BDFE3 /* My */ = {
			isa = PBXGroup;
			children = (
				3EB871C9219DDD0C004BDFE3 /* NGMyController.h */,
				3EB871CA219DDD0C004BDFE3 /* NGMyController.m */,
			);
			path = My;
			sourceTree = "<group>";
		};
		3EB871CF219DE6B9004BDFE3 /* ViewController */ = {
			isa = PBXGroup;
			children = (
				3EB871CC219DDD34004BDFE3 /* NGHomeController.h */,
				3EB871CD219DDD34004BDFE3 /* NGHomeController.m */,
				3EB871AB21949997004BDFE3 /* QXTwoViewController.h */,
				3EB871AC21949997004BDFE3 /* QXTwoViewController.m */,
			);
			path = ViewController;
			sourceTree = "<group>";
		};
		3EB871D0219DE6CC004BDFE3 /* SectionController */ = {
			isa = PBXGroup;
			children = (
				3EB871D1219DE755004BDFE3 /* NGHomeListSC.h */,
				3EB871D2219DE755004BDFE3 /* NGHomeListSC.m */,
			);
			path = SectionController;
			sourceTree = "<group>";
		};
		7B9EE6D72199830D00C22EB1 /* Navigation */ = {
			isa = PBXGroup;
			children = (
				7B9EE6D82199833C00C22EB1 /* NGNavigationController.h */,
				7B9EE6D92199833C00C22EB1 /* NGNavigationController.m */,
				3EB871B82199EC0F004BDFE3 /* NGNavigationBar.h */,
				3EB871B92199EC0F004BDFE3 /* NGNavigationBar.m */,
			);
			path = Navigation;
			sourceTree = "<group>";
		};
		7BCC3038219D50880041E918 /* AppDelegate */ = {
			isa = PBXGroup;
			children = (
				3E528E762190A59A00916EE7 /* AppDelegate.h */,
				3E528E772190A59A00916EE7 /* AppDelegate.m */,
			);
			path = AppDelegate;
			sourceTree = "<group>";
		};
		7BCC3039219D50A30041E918 /* Category */ = {
			isa = PBXGroup;
			children = (
				7BCC303A219D51AD0041E918 /* UIView+Extension.h */,
				7BCC303B219D51AD0041E918 /* UIView+Extension.m */,
				3EB871BF219DD9EB004BDFE3 /* UIImage+image.h */,
				3EB871C0219DD9EB004BDFE3 /* UIImage+image.m */,
			);
			path = Category;
			sourceTree = "<group>";
		};
/* End PBXGroup section */

/* Begin PBXNativeTarget section */
		3E528E722190A59900916EE7 /* qianxunng */ = {
			isa = PBXNativeTarget;
			buildConfigurationList = 3E528E892190A59A00916EE7 /* Build configuration list for PBXNativeTarget "qianxunng" */;
			buildPhases = (
				8DED2F6D80E0FAC1FB66E412 /* [CP] Check Pods Manifest.lock */,
				3E528E6F2190A59900916EE7 /* Sources */,
				3E528E702190A59900916EE7 /* Frameworks */,
				3E528E712190A59900916EE7 /* Resources */,
			);
			buildRules = (
			);
			dependencies = (
			);
			name = qianxunng;
			productName = qianxunng;
			productReference = 3E528E732190A59A00916EE7 /* qianxunng.app */;
			productType = "com.apple.product-type.application";
		};
/* End PBXNativeTarget section */

/* Begin PBXProject section */
		3E528E6B2190A59900916EE7 /* Project object */ = {
			isa = PBXProject;
			attributes = {
				LastUpgradeCheck = 0910;
				ORGANIZATIONNAME = HQ;
				TargetAttributes = {
					3E528E722190A59900916EE7 = {
						CreatedOnToolsVersion = 9.1;
						ProvisioningStyle = Automatic;
					};
				};
			};
			buildConfigurationList = 3E528E6E2190A59900916EE7 /* Build configuration list for PBXProject "qianxunng" */;
			compatibilityVersion = "Xcode 8.0";
			developmentRegion = en;
			hasScannedForEncodings = 0;
			knownRegions = (
				en,
				Base,
			);
			mainGroup = 3E528E6A2190A59900916EE7;
			productRefGroup = 3E528E742190A59A00916EE7 /* Products */;
			projectDirPath = "";
			projectRoot = "";
			targets = (
				3E528E722190A59900916EE7 /* qianxunng */,
			);
		};
/* End PBXProject section */

/* Begin PBXResourcesBuildPhase section */
		3E528E712190A59900916EE7 /* Resources */ = {
			isa = PBXResourcesBuildPhase;
			buildActionMask = 2147483647;
			files = (
				3E528E832190A59A00916EE7 /* LaunchScreen.storyboard in Resources */,
				3E528E802190A59A00916EE7 /* Assets.xcassets in Resources */,
				3E528E7E2190A59A00916EE7 /* Main.storyboard in Resources */,
			);
			runOnlyForDeploymentPostprocessing = 0;
		};
/* End PBXResourcesBuildPhase section */

/* Begin PBXShellScriptBuildPhase section */
		8DED2F6D80E0FAC1FB66E412 /* [CP] Check Pods Manifest.lock */ = {
			isa = PBXShellScriptBuildPhase;
			buildActionMask = 2147483647;
			files = (
			);
			inputPaths = (
				"${PODS_PODFILE_DIR_PATH}/Podfile.lock",
				"${PODS_ROOT}/Manifest.lock",
			);
			name = "[CP] Check Pods Manifest.lock";
			outputPaths = (
				"$(DERIVED_FILE_DIR)/Pods-qianxunng-checkManifestLockResult.txt",
			);
			runOnlyForDeploymentPostprocessing = 0;
			shellPath = /bin/sh;
			shellScript = "diff \"${PODS_PODFILE_DIR_PATH}/Podfile.lock\" \"${PODS_ROOT}/Manifest.lock\" > /dev/null\nif [ $? != 0 ] ; then\n    # print error to STDERR\n    echo \"error: The sandbox is not in sync with the Podfile.lock. Run 'pod install' or update your CocoaPods installation.\" >&2\n    exit 1\nfi\n# This output is used by Xcode 'outputs' to avoid re-running this script phase.\necho \"SUCCESS\" > \"${SCRIPT_OUTPUT_FILE_0}\"\n";
			showEnvVarsInLog = 0;
		};
/* End PBXShellScriptBuildPhase section */

/* Begin PBXSourcesBuildPhase section */
		3E528E6F2190A59900916EE7 /* Sources */ = {
			isa = PBXSourcesBuildPhase;
			buildActionMask = 2147483647;
			files = (
				3EB871BE219DD845004BDFE3 /* NGTabBarController.m in Sources */,
				3EB871C8219DDCFB004BDFE3 /* NGSearchController.m in Sources */,
				3EB871BA2199EC0F004BDFE3 /* NGNavigationBar.m in Sources */,
				7B9EE6DA2199833C00C22EB1 /* NGNavigationController.m in Sources */,
				3E528E862190A59A00916EE7 /* main.m in Sources */,
				3EB871AD21949997004BDFE3 /* QXTwoViewController.m in Sources */,
				3E528E782190A59A00916EE7 /* AppDelegate.m in Sources */,
				3EB871C1219DD9EB004BDFE3 /* UIImage+image.m in Sources */,
				7BCC303C219D51AD0041E918 /* UIView+Extension.m in Sources */,
				3EB871CB219DDD0C004BDFE3 /* NGMyController.m in Sources */,
				3EB871CE219DDD34004BDFE3 /* NGHomeController.m in Sources */,
				7B9EE6DD2199837800C22EB1 /* NGBaseController.m in Sources */,
				3EB871D3219DE755004BDFE3 /* NGHomeListSC.m in Sources */,
			);
			runOnlyForDeploymentPostprocessing = 0;
		};
/* End PBXSourcesBuildPhase section */

/* Begin PBXVariantGroup section */
		3E528E7C2190A59A00916EE7 /* Main.storyboard */ = {
			isa = PBXVariantGroup;
			children = (
				3E528E7D2190A59A00916EE7 /* Base */,
			);
			name = Main.storyboard;
			sourceTree = "<group>";
		};
		3E528E812190A59A00916EE7 /* LaunchScreen.storyboard */ = {
			isa = PBXVariantGroup;
			children = (
				3E528E822190A59A00916EE7 /* Base */,
			);
			name = LaunchScreen.storyboard;
			sourceTree = "<group>";
		};
/* End PBXVariantGroup section */

/* Begin XCBuildConfiguration section */
		3E528E872190A59A00916EE7 /* Debug */ = {
			isa = XCBuildConfiguration;
			buildSettings = {
				ALWAYS_SEARCH_USER_PATHS = NO;
				CLANG_ANALYZER_NONNULL = YES;
				CLANG_ANALYZER_NUMBER_OBJECT_CONVERSION = YES_AGGRESSIVE;
				CLANG_CXX_LANGUAGE_STANDARD = "gnu++14";
				CLANG_CXX_LIBRARY = "libc++";
				CLANG_ENABLE_MODULES = YES;
				CLANG_ENABLE_OBJC_ARC = YES;
				CLANG_WARN_BLOCK_CAPTURE_AUTORELEASING = YES;
				CLANG_WARN_BOOL_CONVERSION = YES;
				CLANG_WARN_COMMA = YES;
				CLANG_WARN_CONSTANT_CONVERSION = YES;
				CLANG_WARN_DIRECT_OBJC_ISA_USAGE = YES_ERROR;
				CLANG_WARN_DOCUMENTATION_COMMENTS = YES;
				CLANG_WARN_EMPTY_BODY = YES;
				CLANG_WARN_ENUM_CONVERSION = YES;
				CLANG_WARN_INFINITE_RECURSION = YES;
				CLANG_WARN_INT_CONVERSION = YES;
				CLANG_WARN_NON_LITERAL_NULL_CONVERSION = YES;
				CLANG_WARN_OBJC_LITERAL_CONVERSION = YES;
				CLANG_WARN_OBJC_ROOT_CLASS = YES_ERROR;
				CLANG_WARN_RANGE_LOOP_ANALYSIS = YES;
				CLANG_WARN_STRICT_PROTOTYPES = YES;
				CLANG_WARN_SUSPICIOUS_MOVE = YES;
				CLANG_WARN_UNGUARDED_AVAILABILITY = YES_AGGRESSIVE;
				CLANG_WARN_UNREACHABLE_CODE = YES;
				CLANG_WARN__DUPLICATE_METHOD_MATCH = YES;
				CODE_SIGN_IDENTITY = "iPhone Developer";
				COPY_PHASE_STRIP = NO;
				DEBUG_INFORMATION_FORMAT = dwarf;
				ENABLE_STRICT_OBJC_MSGSEND = YES;
				ENABLE_TESTABILITY = YES;
				GCC_C_LANGUAGE_STANDARD = gnu11;
				GCC_DYNAMIC_NO_PIC = NO;
				GCC_NO_COMMON_BLOCKS = YES;
				GCC_OPTIMIZATION_LEVEL = 0;
				GCC_PREFIX_HEADER = "$(SRCROOT)/qianxunng/PrefixHeader.pch";
				GCC_PREPROCESSOR_DEFINITIONS = (
					"DEBUG=1",
					"$(inherited)",
				);
				GCC_WARN_64_TO_32_BIT_CONVERSION = YES;
				GCC_WARN_ABOUT_RETURN_TYPE = YES_ERROR;
				GCC_WARN_UNDECLARED_SELECTOR = YES;
				GCC_WARN_UNINITIALIZED_AUTOS = YES_AGGRESSIVE;
				GCC_WARN_UNUSED_FUNCTION = YES;
				GCC_WARN_UNUSED_VARIABLE = YES;
				IPHONEOS_DEPLOYMENT_TARGET = 11.1;
				MTL_ENABLE_DEBUG_INFO = YES;
				ONLY_ACTIVE_ARCH = YES;
				SDKROOT = iphoneos;
			};
			name = Debug;
		};
		3E528E882190A59A00916EE7 /* Release */ = {
			isa = XCBuildConfiguration;
			buildSettings = {
				ALWAYS_SEARCH_USER_PATHS = NO;
				CLANG_ANALYZER_NONNULL = YES;
				CLANG_ANALYZER_NUMBER_OBJECT_CONVERSION = YES_AGGRESSIVE;
				CLANG_CXX_LANGUAGE_STANDARD = "gnu++14";
				CLANG_CXX_LIBRARY = "libc++";
				CLANG_ENABLE_MODULES = YES;
				CLANG_ENABLE_OBJC_ARC = YES;
				CLANG_WARN_BLOCK_CAPTURE_AUTORELEASING = YES;
				CLANG_WARN_BOOL_CONVERSION = YES;
				CLANG_WARN_COMMA = YES;
				CLANG_WARN_CONSTANT_CONVERSION = YES;
				CLANG_WARN_DIRECT_OBJC_ISA_USAGE = YES_ERROR;
				CLANG_WARN_DOCUMENTATION_COMMENTS = YES;
				CLANG_WARN_EMPTY_BODY = YES;
				CLANG_WARN_ENUM_CONVERSION = YES;
				CLANG_WARN_INFINITE_RECURSION = YES;
				CLANG_WARN_INT_CONVERSION = YES;
				CLANG_WARN_NON_LITERAL_NULL_CONVERSION = YES;
				CLANG_WARN_OBJC_LITERAL_CONVERSION = YES;
				CLANG_WARN_OBJC_ROOT_CLASS = YES_ERROR;
				CLANG_WARN_RANGE_LOOP_ANALYSIS = YES;
				CLANG_WARN_STRICT_PROTOTYPES = YES;
				CLANG_WARN_SUSPICIOUS_MOVE = YES;
				CLANG_WARN_UNGUARDED_AVAILABILITY = YES_AGGRESSIVE;
				CLANG_WARN_UNREACHABLE_CODE = YES;
				CLANG_WARN__DUPLICATE_METHOD_MATCH = YES;
				CODE_SIGN_IDENTITY = "iPhone Developer";
				COPY_PHASE_STRIP = NO;
				DEBUG_INFORMATION_FORMAT = "dwarf-with-dsym";
				ENABLE_NS_ASSERTIONS = NO;
				ENABLE_STRICT_OBJC_MSGSEND = YES;
				GCC_C_LANGUAGE_STANDARD = gnu11;
				GCC_NO_COMMON_BLOCKS = YES;
				GCC_PREFIX_HEADER = "$(SRCROOT)/qianxunng/PrefixHeader.pch";
				GCC_WARN_64_TO_32_BIT_CONVERSION = YES;
				GCC_WARN_ABOUT_RETURN_TYPE = YES_ERROR;
				GCC_WARN_UNDECLARED_SELECTOR = YES;
				GCC_WARN_UNINITIALIZED_AUTOS = YES_AGGRESSIVE;
				GCC_WARN_UNUSED_FUNCTION = YES;
				GCC_WARN_UNUSED_VARIABLE = YES;
				IPHONEOS_DEPLOYMENT_TARGET = 11.1;
				MTL_ENABLE_DEBUG_INFO = NO;
				SDKROOT = iphoneos;
				VALIDATE_PRODUCT = YES;
			};
			name = Release;
		};
		3E528E8A2190A59A00916EE7 /* Debug */ = {
			isa = XCBuildConfiguration;
			baseConfigurationReference = B124F48898189F82A31BD20D /* Pods-qianxunng.debug.xcconfig */;
			buildSettings = {
				ASSETCATALOG_COMPILER_APPICON_NAME = AppIcon;
				CODE_SIGN_STYLE = Automatic;
				DEVELOPMENT_TEAM = 865L62UDE9;
				INFOPLIST_FILE = qianxunng/Info.plist;
				IPHONEOS_DEPLOYMENT_TARGET = 9.0;
				LD_RUNPATH_SEARCH_PATHS = "$(inherited) @executable_path/Frameworks";
				PRODUCT_BUNDLE_IDENTIFIER = cn.ng.qianxunng;
				PRODUCT_NAME = "$(TARGET_NAME)";
				TARGETED_DEVICE_FAMILY = "1,2";
			};
			name = Debug;
		};
		3E528E8B2190A59A00916EE7 /* Release */ = {
			isa = XCBuildConfiguration;
			baseConfigurationReference = CCDD84313BF1F3412A74E191 /* Pods-qianxunng.release.xcconfig */;
			buildSettings = {
				ASSETCATALOG_COMPILER_APPICON_NAME = AppIcon;
				CODE_SIGN_STYLE = Automatic;
				DEVELOPMENT_TEAM = 865L62UDE9;
				INFOPLIST_FILE = qianxunng/Info.plist;
				IPHONEOS_DEPLOYMENT_TARGET = 9.0;
				LD_RUNPATH_SEARCH_PATHS = "$(inherited) @executable_path/Frameworks";
				PRODUCT_BUNDLE_IDENTIFIER = cn.ng.qianxunng;
				PRODUCT_NAME = "$(TARGET_NAME)";
				TARGETED_DEVICE_FAMILY = "1,2";
			};
			name = Release;
		};
/* End XCBuildConfiguration section */

/* Begin XCConfigurationList section */
		3E528E6E2190A59900916EE7 /* Build configuration list for PBXProject "qianxunng" */ = {
			isa = XCConfigurationList;
			buildConfigurations = (
				3E528E872190A59A00916EE7 /* Debug */,
				3E528E882190A59A00916EE7 /* Release */,
			);
			defaultConfigurationIsVisible = 0;
			defaultConfigurationName = Release;
		};
		3E528E892190A59A00916EE7 /* Build configuration list for PBXNativeTarget "qianxunng" */ = {
			isa = XCConfigurationList;
			buildConfigurations = (
				3E528E8A2190A59A00916EE7 /* Debug */,
				3E528E8B2190A59A00916EE7 /* Release */,
			);
			defaultConfigurationIsVisible = 0;
			defaultConfigurationName = Release;
		};
/* End XCConfigurationList section */
	};
	rootObject = 3E528E6B2190A59900916EE7 /* Project object */;
}
